
Microsoft Visual Studio Solution File, Format Version 12.00
# Visual Studio Version 16
VisualStudioVersion = 16.0.30011.22
MinimumVisualStudioVersion = 10.0.40219.1
Project("{FAE04EC0-301F-11D3-BF4B-00C04F79EFBC}") = "PracticaDavidRares", "PracticaDavidRares.csproj", "{EE1D1CCF-F479-4195-B1A1-C74CD0D05DE5}"
EndProject
Global
	GlobalSection(SolutionConfigurationPlatforms) = preSolution
		Debug|Any CPU = Debug|Any CPU
		Release|Any CPU = Release|Any CPU
	EndGlobalSection
	GlobalSection(ProjectConfigurationPlatforms) = postSolution
		{EE1D1CCF-F479-4195-B1A1-C74CD0D05DE5}.Debug|Any CPU.ActiveCfg = Debug|Any CPU
		{EE1D1CCF-F479-4195-B1A1-C74CD0D05DE5}.Debug|Any CPU.Build.0 = Debug|Any CPU
		{EE1D1CCF-F479-4195-B1A1-C74CD0D05DE5}.Release|Any CPU.ActiveCfg = Release|Any CPU
		{EE1D1CCF-F479-4195-B1A1-C74CD0D05DE5}.Release|Any CPU.Build.0 = Release|Any CPU
	EndGlobalSection
	GlobalSection(SolutionProperties) = preSolution
		HideSolutionNode = FALSE
	EndGlobalSection
	GlobalSection(ExtensibilityGlobals) = postSolution
		SolutionGuid = {61E2E7ED-C1E7-40D3-AD54-344562CDFE7C}
	EndGlobalSection
EndGlobal
